github.com/BurntSushi/toml v0.3.1/go.mod h1:xHWCNGjB5oqiDr8zfno3MHue2Ht5sIBksp03qcyfWMU=
github.com/BurntSushi/xgb v0.0.0-20200324125942-20f126ea2843 h1:3iF31c7rp7nGZVDv7YQ+VxOgpipVfPKotLXykjZmwM8=
github.com/BurntSushi/xgb v0.0.0-20200324125942-20f126ea2843/go.mod h1:IVnqGOEym/WlBOVXweHU+Q+/VP0lqqI8lqeDx9IjBqo=
github.com/andybalholm/brotli v1.0.0 h1:7UCwP93aiSfvWpapti8g88vVVGp2qqtGyePsSuDafo4=
github.com/andybalholm/brotli v1.0.0/go.mod h1:loMXtMfwqflxFJPmdbJO0a3KNoPuLBgiu3qAvBg8x/Y=
github.com/anthonynsimon/bild v0.12.0 h1:RKQ4e4rO07IASZ5KJDC5L334Zv5CgH7MA5GRdh3pMwQ=
github.com/anthonynsimon/bild v0.12.0/go.mod h1:tpzzp0aYkAsMi1zmfhimaDyX1xjn2OUc1AJZK/TF0AE=
github.com/armon/consul-api v0.0.0-20180202201655-eb2c6b5be1b6/go.mod h1:grANhF5doyWs3UAsr3K4I6qtAmlQcZDesFNEHPZAzj8=
github.com/coreos/etcd v3.3.10+incompatible/go.mod h1:uF7uidLiAD3TWHmW31ZFd/JWoc32PjwdhPthX9715RE=
github.com/coreos/go-etcd v2.0.0+incompatible/go.mod h1:Jez6KQU2B/sWsbdaef3ED8NzMklzPG4d5KIOhIy30Tk=
github.com/coreos/go-semver v0.2.0/go.mod h1:nnelYz7RCh+5ahJtPPxZlU+153eP4D4r3EedlOD2RNk=
github.com/cpuguy83/go-md2man v1.0.10/go.mod h1:SmD6nW6nTyfqj6ABTjUi3V3JVMnlJmwcJI5acqYI6dE=
github.com/davecgh/go-spew v1.1.1/go.mod h1:J7Y8YcW2NihsgmVo/mv3lAwl/skON4iLHjSsI+c5H38=
github.com/fsnotify/fsnotify v1.4.7/go.mod h1:jwhsz4b93w/PPRr/qN1Yymfu8t87LnFCMoQvtojpjFo=
github.com/gen2brain/shm v0.0.0-20200228170931-49f9650110c5 h1:Y5Q2mEwfzjMt5+3u70Gtw93ZOu2UuPeeeTBDntF7FoY=
github.com/gen2brain/shm v0.0.0-20200228170931-49f9650110c5/go.mod h1:uF6rMu/1nvu+5DpiRLwusA6xB8zlkNoGzKn8lmYONUo=
github.com/gofiber/fiber v1.11.0 h1:7mk1bOs0HQ3x3GPwmLfr4/um/MHPaj98jNFUk1jDj2M=
github.com/gofiber/fiber v1.11.0/go.mod h1:yFeAjCJH91bgsVXSRuJ8phno0O6/PcGHvjndFw91Vxs=
github.com/gofiber/fiber v1.12.0 h1:0utSHOWL2FIz/OAHa/VQACJek24FDeBN8FTRV8izUWQ=
github.com/gofiber/fiber v1.12.0/go.mod h1:yFeAjCJH91bgsVXSRuJ8phno0O6/PcGHvjndFw91Vxs=
github.com/gofiber/utils v0.0.6 h1:lWuJfXQ06aFPVA2/y7lUw9ahS4TuXhbwXnxKl1D/fuY=
github.com/gofiber/utils v0.0.6/go.mod h1:pacRFtghAE3UoknMOUiXh2Io/nLWSUHtQCi/3QASsOc=
github.com/gorilla/schema v1.1.0 h1:CamqUDOFUBqzrvxuz2vEwo8+SUdwsluFh7IlzJh30LY=
github.com/gorilla/schema v1.1.0/go.mod h1:kgLaKoK1FELgZqMAVxx/5cbj0kT+57qxUrAlIO2eleU=
github.com/hashicorp/hcl v1.0.0/go.mod h1:E5yfLk+7swimpb2L/Alb/PJmXilQ/rhwaUYs4T20WEQ=
github.com/inconshreveable/mousetrap v1.0.0/go.mod h1:PxqpIevigyE2G7u3NXJIT2ANytuPF1OarO4DADm73n8=
github.com/jinzhu/copier v0.0.0-20190924061706-b57f9002281a h1:zPPuIq2jAWWPTrGt70eK/BSch+gFAGrNzecsoENgu2o=
github.com/jinzhu/copier v0.0.0-20190924061706-b57f9002281a/go.mod h1:yL958EeXv8Ylng6IfnvG4oflryUi3vgA3xPs9hmII1s=
github.com/kbinani/screenshot v0.0.0-20191211154542-3a185f1ce18f h1:5hWo+DzJQSOBl6X+TDac0SPWffRonuRJ2///OYtYRT8=
github.com/kbinani/screenshot v0.0.0-20191211154542-3a185f1ce18f/go.mod h1:f8GY5V3lRzakvEyr49P7hHRYoHtPr8zvj/7JodCoRzw=
github.com/klauspost/compress v1.10.4 h1:jFzIFaf586tquEB5EhzQG0HwGNSlgAJpG53G6Ss11wc=
github.com/klauspost/compress v1.10.4/go.mod h1:aoV0uJVorq1K+umq18yTdKaF57EivdYsUV+/s2qKfXs=
github.com/klauspost/compress v1.10.8 h1:eLeJ3dr/Y9+XRfJT4l+8ZjmtB5RPJhucH2HeCV5+IZY=
github.com/klauspost/compress v1.10.8/go.mod h1:aoV0uJVorq1K+umq18yTdKaF57EivdYsUV+/s2qKfXs=
github.com/klauspost/compress v1.10.9 h1:pPRt1Z78crspaHISkpSSHjDlx+Tt9suHe519dsI0vF4=
github.com/klauspost/compress v1.10.9/go.mod h1:aoV0uJVorq1K+umq18yTdKaF57EivdYsUV+/s2qKfXs=
github.com/lxn/win v0.0.0-20191128105842-2da648fda5b4 h1:5BmtGkQbch91lglMHQ9JIDGiYCL3kBRBA0ItZTvOcEI=
github.com/lxn/win v0.0.0-20191128105842-2da648fda5b4/go.mod h1:ouWl4wViUNh8tPSIwxTVMuS014WakR1hqvBc2I0bMoA=
github.com/magiconair/properties v1.8.0/go.mod h1:PppfXfuXeibc/6YijjN8zIbojt8czPbwD3XqdrwzmxQ=
github.com/mitchellh/go-homedir v1.1.0/go.mod h1:SfyaCUpYCn1Vlf4IUYiD9fPX4A5wJrkLzIz1N1q0pr0=
github.com/mitchellh/mapstructure v1.1.2/go.mod h1:FVVH3fgwuzCH5S8UJGiWEs2h04kUh9fWfEaFds41c1Y=
github.com/pelletier/go-toml v1.2.0/go.mod h1:5z9KED0ma1S8pY6P1sdut58dfprrGBbd/94hg7ilaic=
github.com/pmezard/go-difflib v1.0.0/go.mod h1:iKH77koFhYxTK1pcRnkKkqfTogsbg7gZNVY4sRDYZ/4=
github.com/russross/blackfriday v1.5.2/go.mod h1:JO/DiYxRf+HjHt06OyowR9PTA263kcR/rfWxYHBV53g=
github.com/spf13/afero v1.1.2/go.mod h1:j4pytiNVoe2o6bmDsKpLACNPDBIoEAkihy7loJ1B0CQ=
github.com/spf13/cast v1.3.0/go.mod h1:Qx5cxh0v+4UWYiBimWS+eyWzqEqokIECu5etghLkUJE=
github.com/spf13/cobra v0.0.5/go.mod h1:3K3wKZymM7VvHMDS9+Akkh4K60UwM26emMESw8tLCHU=
github.com/spf13/jwalterweatherman v1.0.0/go.mod h1:cQK4TGJAtQXfYWX+Ddv3mKDzgVb68N+wFjFa4jdeBTo=
github.com/spf13/pflag v1.0.3/go.mod h1:DYY7MBk1bdzusC3SYhjObp+wFpr4gzcvqqNjLnInEg4=
github.com/spf13/viper v1.3.2/go.mod h1:ZiWeW+zYFKm7srdB9IoDzzZXaJaI5eL9QjNiN/DMA2s=
github.com/stretchr/testify v1.2.2/go.mod h1:a8OnRcib4nhh0OaRAV+Yts87kKdq0PP7pXfy6kDkUVs=
github.com/ugorji/go/codec v0.0.0-20181204163529-d75b2dcb6bc8/go.mod h1:VFNgLljTbGfSG7qAOspJ7OScBnGdDN/yBr0sguwnwf0=
github.com/valyala/bytebufferpool v1.0.0 h1:GqA5TC/0021Y/b9FG4Oi9Mr3q7XYx6KllzawFIhcdPw=
github.com/valyala/bytebufferpool v1.0.0/go.mod h1:6bBcMArwyJ5K/AmCkWv1jt77kVWyCJ6HpOuEn7z0Csc=
github.com/valyala/fasthttp v1.14.0 h1:67bfuW9azCMwW/Jlq/C+VeihNpAuJMWkYPBig1gdi3A=
github.com/valyala/fasthttp v1.14.0/go.mod h1:ol1PCaL0dX20wC0htZ7sYCsvCYmrouYra0zHzaclZhE=
github.com/valyala/tcplisten v0.0.0-20161114210144-ceec8f93295a/go.mod h1:v3UYOV9WzVtRmSR+PDvWpU/qWl4Wa5LApYYX4ZtKbio=
github.com/xordataexchange/crypt v0.0.3-0.20170626215501-b2862e3d0a77/go.mod h1:aYKd//L2LvnjZzWKhF00oedf4jCCReLcmhLdhm1A27Q=
gocv.io/x/gocv v0.23.0 h1:3Fgbt06/uR8Zf9emWndhjbUjdrw+nto69R/b4noFydY=
gocv.io/x/gocv v0.23.0/go.mod h1:Rar2PS6DV+T4FL+PM535EImD/h13hGVaHhnCu1xarBs=
gocv.io/x/gocv v0.23.1-0.20200605153240-564be66d2331 h1:LT5rpfhwOhFryz85zx053WWyt7DFPxFtePOWE7qMbW0=
gocv.io/x/gocv v0.23.1-0.20200605153240-564be66d2331/go.mod h1:Rar2PS6DV+T4FL+PM535EImD/h13hGVaHhnCu1xarBs=
golang.org/x/crypto v0.0.0-20181203042331-505ab145d0a9/go.mod h1:6SG95UA2DQfeDnfUPMdvaQW0Q7yPrPDi9nlGo2tz2b4=
golang.org/x/crypto v0.0.0-20190308221718-c2843e01d9a2/go.mod h1:djNgcEr1/C05ACkg1iLfiJU5Ep61QUkGW8qpdssI0+w=
golang.org/x/image v0.0.0-20190703141733-d6a02ce849c9/go.mod h1:FeLwcggjj3mMvU+oOTbSwawSJRM1uh48EjtB4UJZlP0=
golang.org/x/net v0.0.0-20200324143707-d3edc9973b7e/go.mod h1:qpuaurCH72eLCgpAm/N6yyVIVM9cpaDIP3A8BGJEC5A=
golang.org/x/sys v0.0.0-20181205085412-a5c9d58dba9a/go.mod h1:STP8DvDyc/dI5b8T5hshtkjS+E42TnysNCUPdjciGhY=
golang.org/x/sys v0.0.0-20190215142949-d0b11bdaac8a/go.mod h1:STP8DvDyc/dI5b8T5hshtkjS+E42TnysNCUPdjciGhY=
golang.org/x/sys v0.0.0-20190904154756-749cb33beabd/go.mod h1:h1NjWce9XRLGQEsW7wpKNCjG9DtNlClVuFLEZdDNbEs=
golang.org/x/sys v0.0.0-20200323222414-85ca7c5b95cd h1:xhmwyvizuTgC2qz7ZlMluP20uW+C3Rm0FD/WLDX8884=
golang.org/x/sys v0.0.0-20200323222414-85ca7c5b95cd/go.mod h1:h1NjWce9XRLGQEsW7wpKNCjG9DtNlClVuFLEZdDNbEs=
golang.org/x/sys v0.0.0-20200610111108-226ff32320da h1:bGb80FudwxpeucJUjPYJXuJ8Hk91vNtfvrymzwiei38=
golang.org/x/sys v0.0.0-20200610111108-226ff32320da/go.mod h1:h1NjWce9XRLGQEsW7wpKNCjG9DtNlClVuFLEZdDNbEs=
golang.org/x/sys v0.0.0-20200620081246-981b61492c35 h1:wb/9mP8eUAmHfkM8RmpeLq6nUA7c2i5+bQOtcDftjaE=
golang.org/x/sys v0.0.0-20200620081246-981b61492c35/go.mod h1:h1NjWce9XRLGQEsW7wpKNCjG9DtNlClVuFLEZdDNbEs=
golang.org/x/text v0.3.0/go.mod h1:NqM8EUOU14njkJ3fqMW+pc6Ldnwhi/IjpwHt7yyuwOQ=
gopkg.in/check.v1 v0.0.0-20161208181325-20d25e280405/go.mod h1:Co6ibVJAznAaIkqp8huTwlJQCZ016jof/cbN4VW5Yz0=
gopkg.in/yaml.v2 v2.2.2/go.mod h1:hI93XBmqTisBFMUTm0b8Fm+jr3Dg1NNxqwp+5A1VGuI=
