gocv.io/x/gocv v0.23.0 h1:3Fgbt06/uR8Zf9emWndhjbUjdrw+nto69R/b4noFydY=
gocv.io/x/gocv v0.23.0/go.mod h1:Rar2PS6DV+T4FL+PM535EImD/h13hGVaHhnCu1xarBs=
gocv.io/x/gocv v0.23.1-0.20200605153240-564be66d2331 h1:LT5rpfhwOhFryz85zx053WWyt7DFPxFtePOWE7qMbW0=
gocv.io/x/gocv v0.23.1-0.20200605153240-564be66d2331/go.mod h1:Rar2PS6DV+T4FL+PM535EImD/h13hGVaHhnCu1xarBs=
